
Microsoft Visual Studio Solution File, Format Version 12.00
# Visual Studio Version 17
VisualStudioVersion = 17.14.36511.14
MinimumVisualStudioVersion = 10.0.40219.1
Project("{FAE04EC0-301F-11D3-BF4B-00C04F79EFBC}") = "AutoLot.Models", "AutoLot.Models\AutoLot.Models.csproj", "{9D014962-4EFB-4AED-8816-D45FE6E0E7AB}"
EndProject
Project("{FAE04EC0-301F-11D3-BF4B-00C04F79EFBC}") = "AutoLot.Dal", "AutoLot.Dal\AutoLot.Dal.csproj", "{72F8527D-E52B-4B0C-B640-386CBA85050C}"
EndProject
Global
	GlobalSection(SolutionConfigurationPlatforms) = preSolution
		Debug|Any CPU = Debug|Any CPU
		Debug|x64 = Debug|x64
		Debug|x86 = Debug|x86
		Release|Any CPU = Release|Any CPU
		Release|x64 = Release|x64
		Release|x86 = Release|x86
	EndGlobalSection
	GlobalSection(ProjectConfigurationPlatforms) = postSolution
		{9D014962-4EFB-4AED-8816-D45FE6E0E7AB}.Debug|Any CPU.ActiveCfg = Debug|Any CPU
		{9D014962-4EFB-4AED-8816-D45FE6E0E7AB}.Debug|Any CPU.Build.0 = Debug|Any CPU
		{9D014962-4EFB-4AED-8816-D45FE6E0E7AB}.Debug|x64.ActiveCfg = Debug|Any CPU
		{9D014962-4EFB-4AED-8816-D45FE6E0E7AB}.Debug|x64.Build.0 = Debug|Any CPU
		{9D014962-4EFB-4AED-8816-D45FE6E0E7AB}.Debug|x86.ActiveCfg = Debug|Any CPU
		{9D014962-4EFB-4AED-8816-D45FE6E0E7AB}.Debug|x86.Build.0 = Debug|Any CPU
		{9D014962-4EFB-4AED-8816-D45FE6E0E7AB}.Release|Any CPU.ActiveCfg = Release|Any CPU
		{9D014962-4EFB-4AED-8816-D45FE6E0E7AB}.Release|Any CPU.Build.0 = Release|Any CPU
		{9D014962-4EFB-4AED-8816-D45FE6E0E7AB}.Release|x64.ActiveCfg = Release|Any CPU
		{9D014962-4EFB-4AED-8816-D45FE6E0E7AB}.Release|x64.Build.0 = Release|Any CPU
		{9D014962-4EFB-4AED-8816-D45FE6E0E7AB}.Release|x86.ActiveCfg = Release|Any CPU
		{9D014962-4EFB-4AED-8816-D45FE6E0E7AB}.Release|x86.Build.0 = Release|Any CPU
		{72F8527D-E52B-4B0C-B640-386CBA85050C}.Debug|Any CPU.ActiveCfg = Debug|Any CPU
		{72F8527D-E52B-4B0C-B640-386CBA85050C}.Debug|Any CPU.Build.0 = Debug|Any CPU
		{72F8527D-E52B-4B0C-B640-386CBA85050C}.Debug|x64.ActiveCfg = Debug|Any CPU
		{72F8527D-E52B-4B0C-B640-386CBA85050C}.Debug|x64.Build.0 = Debug|Any CPU
		{72F8527D-E52B-4B0C-B640-386CBA85050C}.Debug|x86.ActiveCfg = Debug|Any CPU
		{72F8527D-E52B-4B0C-B640-386CBA85050C}.Debug|x86.Build.0 = Debug|Any CPU
		{72F8527D-E52B-4B0C-B640-386CBA85050C}.Release|Any CPU.ActiveCfg = Release|Any CPU
		{72F8527D-E52B-4B0C-B640-386CBA85050C}.Release|Any CPU.Build.0 = Release|Any CPU
		{72F8527D-E52B-4B0C-B640-386CBA85050C}.Release|x64.ActiveCfg = Release|Any CPU
		{72F8527D-E52B-4B0C-B640-386CBA85050C}.Release|x64.Build.0 = Release|Any CPU
		{72F8527D-E52B-4B0C-B640-386CBA85050C}.Release|x86.ActiveCfg = Release|Any CPU
		{72F8527D-E52B-4B0C-B640-386CBA85050C}.Release|x86.Build.0 = Release|Any CPU
	EndGlobalSection
	GlobalSection(SolutionProperties) = preSolution
		HideSolutionNode = FALSE
	EndGlobalSection
	GlobalSection(ExtensibilityGlobals) = postSolution
		SolutionGuid = {74312DB1-FAF4-4758-B355-80B5719F6C71}
	EndGlobalSection
EndGlobal
