
Microsoft Visual Studio Solution File, Format Version 12.00
Project("{FAE04EC0-301F-11D3-BF4B-00C04F79EFBC}") = "ProcessManipulator", ".ProcessManipulator\ProcessManipulator.csproj", "{28480FA7-DECD-4EC3-8219-031F8C560FFB}"
EndProject
Project("{FAE04EC0-301F-11D3-BF4B-00C04F79EFBC}") = "DefaultAppDomainApp", "DefaultAppDomainApp\DefaultAppDomainApp.csproj", "{6A60647D-FE53-4BB9-9439-D9AA5E935642}"
EndProject
Global
	GlobalSection(SolutionConfigurationPlatforms) = preSolution
		Debug|Any CPU = Debug|Any CPU
		Debug|x64 = Debug|x64
		Debug|x86 = Debug|x86
		Release|Any CPU = Release|Any CPU
		Release|x64 = Release|x64
		Release|x86 = Release|x86
	EndGlobalSection
	GlobalSection(ProjectConfigurationPlatforms) = postSolution
		{28480FA7-DECD-4EC3-8219-031F8C560FFB}.Debug|Any CPU.ActiveCfg = Debug|Any CPU
		{28480FA7-DECD-4EC3-8219-031F8C560FFB}.Debug|Any CPU.Build.0 = Debug|Any CPU
		{28480FA7-DECD-4EC3-8219-031F8C560FFB}.Debug|x64.ActiveCfg = Debug|Any CPU
		{28480FA7-DECD-4EC3-8219-031F8C560FFB}.Debug|x64.Build.0 = Debug|Any CPU
		{28480FA7-DECD-4EC3-8219-031F8C560FFB}.Debug|x86.ActiveCfg = Debug|Any CPU
		{28480FA7-DECD-4EC3-8219-031F8C560FFB}.Debug|x86.Build.0 = Debug|Any CPU
		{28480FA7-DECD-4EC3-8219-031F8C560FFB}.Release|Any CPU.ActiveCfg = Release|Any CPU
		{28480FA7-DECD-4EC3-8219-031F8C560FFB}.Release|Any CPU.Build.0 = Release|Any CPU
		{28480FA7-DECD-4EC3-8219-031F8C560FFB}.Release|x64.ActiveCfg = Release|Any CPU
		{28480FA7-DECD-4EC3-8219-031F8C560FFB}.Release|x64.Build.0 = Release|Any CPU
		{28480FA7-DECD-4EC3-8219-031F8C560FFB}.Release|x86.ActiveCfg = Release|Any CPU
		{28480FA7-DECD-4EC3-8219-031F8C560FFB}.Release|x86.Build.0 = Release|Any CPU
		{6A60647D-FE53-4BB9-9439-D9AA5E935642}.Debug|Any CPU.ActiveCfg = Debug|Any CPU
		{6A60647D-FE53-4BB9-9439-D9AA5E935642}.Debug|Any CPU.Build.0 = Debug|Any CPU
		{6A60647D-FE53-4BB9-9439-D9AA5E935642}.Debug|x64.ActiveCfg = Debug|Any CPU
		{6A60647D-FE53-4BB9-9439-D9AA5E935642}.Debug|x64.Build.0 = Debug|Any CPU
		{6A60647D-FE53-4BB9-9439-D9AA5E935642}.Debug|x86.ActiveCfg = Debug|Any CPU
		{6A60647D-FE53-4BB9-9439-D9AA5E935642}.Debug|x86.Build.0 = Debug|Any CPU
		{6A60647D-FE53-4BB9-9439-D9AA5E935642}.Release|Any CPU.ActiveCfg = Release|Any CPU
		{6A60647D-FE53-4BB9-9439-D9AA5E935642}.Release|Any CPU.Build.0 = Release|Any CPU
		{6A60647D-FE53-4BB9-9439-D9AA5E935642}.Release|x64.ActiveCfg = Release|Any CPU
		{6A60647D-FE53-4BB9-9439-D9AA5E935642}.Release|x64.Build.0 = Release|Any CPU
		{6A60647D-FE53-4BB9-9439-D9AA5E935642}.Release|x86.ActiveCfg = Release|Any CPU
		{6A60647D-FE53-4BB9-9439-D9AA5E935642}.Release|x86.Build.0 = Release|Any CPU
	EndGlobalSection
	GlobalSection(SolutionProperties) = preSolution
		HideSolutionNode = FALSE
	EndGlobalSection
EndGlobal
