
Microsoft Visual Studio Solution File, Format Version 12.00
Project("{FAE04EC0-301F-11D3-BF4B-00C04F79EFBC}") = "ChapterFour_AllProject", "ChapterFour_AllProject\ChapterFour_AllProject.csproj", "{1FB16FFF-9A00-44CD-9C56-4BA57CE9CE62}"
EndProject
Project("{FAE04EC0-301F-11D3-BF4B-00C04F79EFBC}") = "Arrays", "Arrays\Arrays.csproj", "{6F736594-4A7F-4F5D-AA08-53F5850C194D}"
EndProject
Project("{FAE04EC0-301F-11D3-BF4B-00C04F79EFBC}") = "MethodConsoleApp", "MethodConsoleApp\MethodConsoleApp.csproj", "{FABB94CA-6730-4451-9104-6D1079674D45}"
EndProject
Project("{FAE04EC0-301F-11D3-BF4B-00C04F79EFBC}") = "FunWithMethods", "FunWithMethods\FunWithMethods.csproj", "{96DC7693-CA71-402F-9D4A-D1937F6F1DFE}"
EndProject
Project("{2150E333-8FDC-42A3-9474-1A3956D46DE8}") = "FunWithMethodOverLoading", "FunWithMethodOverLoading", "{1D3DA167-72A2-4957-22FF-2962DD18AC91}"
EndProject
Project("{FAE04EC0-301F-11D3-BF4B-00C04F79EFBC}") = "FunWithMethodOverloading", "FunWithMethodOverLoading\FunWithMethodOverloading.csproj", "{C3C27468-11B2-4385-80DC-EF15EF5159C7}"
EndProject
Project("{FAE04EC0-301F-11D3-BF4B-00C04F79EFBC}") = "FunWithEnum", "FunWithEnum\FunWithEnum.csproj", "{AAB47C45-1CEF-4712-8EDA-80E694892D55}"
EndProject
Project("{FAE04EC0-301F-11D3-BF4B-00C04F79EFBC}") = "FunWithStructures", "FunWithStructures\FunWithStructures.csproj", "{A9100FFF-AA14-425F-8A09-1C96F72109A0}"
EndProject
Global
	GlobalSection(SolutionConfigurationPlatforms) = preSolution
		Debug|Any CPU = Debug|Any CPU
		Debug|x64 = Debug|x64
		Debug|x86 = Debug|x86
		Release|Any CPU = Release|Any CPU
		Release|x64 = Release|x64
		Release|x86 = Release|x86
	EndGlobalSection
	GlobalSection(ProjectConfigurationPlatforms) = postSolution
		{1FB16FFF-9A00-44CD-9C56-4BA57CE9CE62}.Debug|Any CPU.ActiveCfg = Debug|Any CPU
		{1FB16FFF-9A00-44CD-9C56-4BA57CE9CE62}.Debug|Any CPU.Build.0 = Debug|Any CPU
		{1FB16FFF-9A00-44CD-9C56-4BA57CE9CE62}.Debug|x64.ActiveCfg = Debug|Any CPU
		{1FB16FFF-9A00-44CD-9C56-4BA57CE9CE62}.Debug|x64.Build.0 = Debug|Any CPU
		{1FB16FFF-9A00-44CD-9C56-4BA57CE9CE62}.Debug|x86.ActiveCfg = Debug|Any CPU
		{1FB16FFF-9A00-44CD-9C56-4BA57CE9CE62}.Debug|x86.Build.0 = Debug|Any CPU
		{1FB16FFF-9A00-44CD-9C56-4BA57CE9CE62}.Release|Any CPU.ActiveCfg = Release|Any CPU
		{1FB16FFF-9A00-44CD-9C56-4BA57CE9CE62}.Release|Any CPU.Build.0 = Release|Any CPU
		{1FB16FFF-9A00-44CD-9C56-4BA57CE9CE62}.Release|x64.ActiveCfg = Release|Any CPU
		{1FB16FFF-9A00-44CD-9C56-4BA57CE9CE62}.Release|x64.Build.0 = Release|Any CPU
		{1FB16FFF-9A00-44CD-9C56-4BA57CE9CE62}.Release|x86.ActiveCfg = Release|Any CPU
		{1FB16FFF-9A00-44CD-9C56-4BA57CE9CE62}.Release|x86.Build.0 = Release|Any CPU
		{6F736594-4A7F-4F5D-AA08-53F5850C194D}.Debug|Any CPU.ActiveCfg = Debug|Any CPU
		{6F736594-4A7F-4F5D-AA08-53F5850C194D}.Debug|Any CPU.Build.0 = Debug|Any CPU
		{6F736594-4A7F-4F5D-AA08-53F5850C194D}.Debug|x64.ActiveCfg = Debug|Any CPU
		{6F736594-4A7F-4F5D-AA08-53F5850C194D}.Debug|x64.Build.0 = Debug|Any CPU
		{6F736594-4A7F-4F5D-AA08-53F5850C194D}.Debug|x86.ActiveCfg = Debug|Any CPU
		{6F736594-4A7F-4F5D-AA08-53F5850C194D}.Debug|x86.Build.0 = Debug|Any CPU
		{6F736594-4A7F-4F5D-AA08-53F5850C194D}.Release|Any CPU.ActiveCfg = Release|Any CPU
		{6F736594-4A7F-4F5D-AA08-53F5850C194D}.Release|Any CPU.Build.0 = Release|Any CPU
		{6F736594-4A7F-4F5D-AA08-53F5850C194D}.Release|x64.ActiveCfg = Release|Any CPU
		{6F736594-4A7F-4F5D-AA08-53F5850C194D}.Release|x64.Build.0 = Release|Any CPU
		{6F736594-4A7F-4F5D-AA08-53F5850C194D}.Release|x86.ActiveCfg = Release|Any CPU
		{6F736594-4A7F-4F5D-AA08-53F5850C194D}.Release|x86.Build.0 = Release|Any CPU
		{FABB94CA-6730-4451-9104-6D1079674D45}.Debug|Any CPU.ActiveCfg = Debug|Any CPU
		{FABB94CA-6730-4451-9104-6D1079674D45}.Debug|Any CPU.Build.0 = Debug|Any CPU
		{FABB94CA-6730-4451-9104-6D1079674D45}.Debug|x64.ActiveCfg = Debug|Any CPU
		{FABB94CA-6730-4451-9104-6D1079674D45}.Debug|x64.Build.0 = Debug|Any CPU
		{FABB94CA-6730-4451-9104-6D1079674D45}.Debug|x86.ActiveCfg = Debug|Any CPU
		{FABB94CA-6730-4451-9104-6D1079674D45}.Debug|x86.Build.0 = Debug|Any CPU
		{FABB94CA-6730-4451-9104-6D1079674D45}.Release|Any CPU.ActiveCfg = Release|Any CPU
		{FABB94CA-6730-4451-9104-6D1079674D45}.Release|Any CPU.Build.0 = Release|Any CPU
		{FABB94CA-6730-4451-9104-6D1079674D45}.Release|x64.ActiveCfg = Release|Any CPU
		{FABB94CA-6730-4451-9104-6D1079674D45}.Release|x64.Build.0 = Release|Any CPU
		{FABB94CA-6730-4451-9104-6D1079674D45}.Release|x86.ActiveCfg = Release|Any CPU
		{FABB94CA-6730-4451-9104-6D1079674D45}.Release|x86.Build.0 = Release|Any CPU
		{96DC7693-CA71-402F-9D4A-D1937F6F1DFE}.Debug|Any CPU.ActiveCfg = Debug|Any CPU
		{96DC7693-CA71-402F-9D4A-D1937F6F1DFE}.Debug|Any CPU.Build.0 = Debug|Any CPU
		{96DC7693-CA71-402F-9D4A-D1937F6F1DFE}.Debug|x64.ActiveCfg = Debug|Any CPU
		{96DC7693-CA71-402F-9D4A-D1937F6F1DFE}.Debug|x64.Build.0 = Debug|Any CPU
		{96DC7693-CA71-402F-9D4A-D1937F6F1DFE}.Debug|x86.ActiveCfg = Debug|Any CPU
		{96DC7693-CA71-402F-9D4A-D1937F6F1DFE}.Debug|x86.Build.0 = Debug|Any CPU
		{96DC7693-CA71-402F-9D4A-D1937F6F1DFE}.Release|Any CPU.ActiveCfg = Release|Any CPU
		{96DC7693-CA71-402F-9D4A-D1937F6F1DFE}.Release|Any CPU.Build.0 = Release|Any CPU
		{96DC7693-CA71-402F-9D4A-D1937F6F1DFE}.Release|x64.ActiveCfg = Release|Any CPU
		{96DC7693-CA71-402F-9D4A-D1937F6F1DFE}.Release|x64.Build.0 = Release|Any CPU
		{96DC7693-CA71-402F-9D4A-D1937F6F1DFE}.Release|x86.ActiveCfg = Release|Any CPU
		{96DC7693-CA71-402F-9D4A-D1937F6F1DFE}.Release|x86.Build.0 = Release|Any CPU
		{C3C27468-11B2-4385-80DC-EF15EF5159C7}.Debug|Any CPU.ActiveCfg = Debug|Any CPU
		{C3C27468-11B2-4385-80DC-EF15EF5159C7}.Debug|Any CPU.Build.0 = Debug|Any CPU
		{C3C27468-11B2-4385-80DC-EF15EF5159C7}.Debug|x64.ActiveCfg = Debug|Any CPU
		{C3C27468-11B2-4385-80DC-EF15EF5159C7}.Debug|x64.Build.0 = Debug|Any CPU
		{C3C27468-11B2-4385-80DC-EF15EF5159C7}.Debug|x86.ActiveCfg = Debug|Any CPU
		{C3C27468-11B2-4385-80DC-EF15EF5159C7}.Debug|x86.Build.0 = Debug|Any CPU
		{C3C27468-11B2-4385-80DC-EF15EF5159C7}.Release|Any CPU.ActiveCfg = Release|Any CPU
		{C3C27468-11B2-4385-80DC-EF15EF5159C7}.Release|Any CPU.Build.0 = Release|Any CPU
		{C3C27468-11B2-4385-80DC-EF15EF5159C7}.Release|x64.ActiveCfg = Release|Any CPU
		{C3C27468-11B2-4385-80DC-EF15EF5159C7}.Release|x64.Build.0 = Release|Any CPU
		{C3C27468-11B2-4385-80DC-EF15EF5159C7}.Release|x86.ActiveCfg = Release|Any CPU
		{C3C27468-11B2-4385-80DC-EF15EF5159C7}.Release|x86.Build.0 = Release|Any CPU
		{AAB47C45-1CEF-4712-8EDA-80E694892D55}.Debug|Any CPU.ActiveCfg = Debug|Any CPU
		{AAB47C45-1CEF-4712-8EDA-80E694892D55}.Debug|Any CPU.Build.0 = Debug|Any CPU
		{AAB47C45-1CEF-4712-8EDA-80E694892D55}.Debug|x64.ActiveCfg = Debug|Any CPU
		{AAB47C45-1CEF-4712-8EDA-80E694892D55}.Debug|x64.Build.0 = Debug|Any CPU
		{AAB47C45-1CEF-4712-8EDA-80E694892D55}.Debug|x86.ActiveCfg = Debug|Any CPU
		{AAB47C45-1CEF-4712-8EDA-80E694892D55}.Debug|x86.Build.0 = Debug|Any CPU
		{AAB47C45-1CEF-4712-8EDA-80E694892D55}.Release|Any CPU.ActiveCfg = Release|Any CPU
		{AAB47C45-1CEF-4712-8EDA-80E694892D55}.Release|Any CPU.Build.0 = Release|Any CPU
		{AAB47C45-1CEF-4712-8EDA-80E694892D55}.Release|x64.ActiveCfg = Release|Any CPU
		{AAB47C45-1CEF-4712-8EDA-80E694892D55}.Release|x64.Build.0 = Release|Any CPU
		{AAB47C45-1CEF-4712-8EDA-80E694892D55}.Release|x86.ActiveCfg = Release|Any CPU
		{AAB47C45-1CEF-4712-8EDA-80E694892D55}.Release|x86.Build.0 = Release|Any CPU
		{A9100FFF-AA14-425F-8A09-1C96F72109A0}.Debug|Any CPU.ActiveCfg = Debug|Any CPU
		{A9100FFF-AA14-425F-8A09-1C96F72109A0}.Debug|Any CPU.Build.0 = Debug|Any CPU
		{A9100FFF-AA14-425F-8A09-1C96F72109A0}.Debug|x64.ActiveCfg = Debug|Any CPU
		{A9100FFF-AA14-425F-8A09-1C96F72109A0}.Debug|x64.Build.0 = Debug|Any CPU
		{A9100FFF-AA14-425F-8A09-1C96F72109A0}.Debug|x86.ActiveCfg = Debug|Any CPU
		{A9100FFF-AA14-425F-8A09-1C96F72109A0}.Debug|x86.Build.0 = Debug|Any CPU
		{A9100FFF-AA14-425F-8A09-1C96F72109A0}.Release|Any CPU.ActiveCfg = Release|Any CPU
		{A9100FFF-AA14-425F-8A09-1C96F72109A0}.Release|Any CPU.Build.0 = Release|Any CPU
		{A9100FFF-AA14-425F-8A09-1C96F72109A0}.Release|x64.ActiveCfg = Release|Any CPU
		{A9100FFF-AA14-425F-8A09-1C96F72109A0}.Release|x64.Build.0 = Release|Any CPU
		{A9100FFF-AA14-425F-8A09-1C96F72109A0}.Release|x86.ActiveCfg = Release|Any CPU
		{A9100FFF-AA14-425F-8A09-1C96F72109A0}.Release|x86.Build.0 = Release|Any CPU
	EndGlobalSection
	GlobalSection(SolutionProperties) = preSolution
		HideSolutionNode = FALSE
	EndGlobalSection
	GlobalSection(NestedProjects) = preSolution
		{C3C27468-11B2-4385-80DC-EF15EF5159C7} = {1D3DA167-72A2-4957-22FF-2962DD18AC91}
	EndGlobalSection
EndGlobal
