
Microsoft Visual Studio Solution File, Format Version 12.00
# Visual Studio Version 17
VisualStudioVersion = 17.14.36511.14
MinimumVisualStudioVersion = 10.0.40219.1
Project("{FAE04EC0-301F-11D3-BF4B-00C04F79EFBC}") = "ThreadStats", "ThreadStats\ThreadStats.csproj", "{0452ECD8-A8AB-4361-9218-852464506782}"
EndProject
Project("{FAE04EC0-301F-11D3-BF4B-00C04F79EFBC}") = "SimpleMultiThreadApp", "SimpleMultiThreadApp\SimpleMultiThreadApp.csproj", "{7AEA6C52-B595-48EF-A475-0765F7A1A901}"
EndProject
Project("{FAE04EC0-301F-11D3-BF4B-00C04F79EFBC}") = "AddWithThreads", "AddWithThreads\AddWithThreads.csproj", "{92827266-CE36-4781-A690-D590AC5A8C7F}"
EndProject
Project("{FAE04EC0-301F-11D3-BF4B-00C04F79EFBC}") = "MultiThreadedPrinting", "MultiThreadedPrinting\MultiThreadedPrinting.csproj", "{DFDA77CD-9D5D-4A45-8989-21F08E050DFE}"
EndProject
Project("{FAE04EC0-301F-11D3-BF4B-00C04F79EFBC}") = "TimerApp", "TimerApp\TimerApp.csproj", "{B12C55A2-3E32-4CBE-9D95-561F2B1CB3C1}"
EndProject
Global
	GlobalSection(SolutionConfigurationPlatforms) = preSolution
		Debug|Any CPU = Debug|Any CPU
		Debug|x64 = Debug|x64
		Debug|x86 = Debug|x86
		Release|Any CPU = Release|Any CPU
		Release|x64 = Release|x64
		Release|x86 = Release|x86
	EndGlobalSection
	GlobalSection(ProjectConfigurationPlatforms) = postSolution
		{0452ECD8-A8AB-4361-9218-852464506782}.Debug|Any CPU.ActiveCfg = Debug|Any CPU
		{0452ECD8-A8AB-4361-9218-852464506782}.Debug|Any CPU.Build.0 = Debug|Any CPU
		{0452ECD8-A8AB-4361-9218-852464506782}.Debug|x64.ActiveCfg = Debug|Any CPU
		{0452ECD8-A8AB-4361-9218-852464506782}.Debug|x64.Build.0 = Debug|Any CPU
		{0452ECD8-A8AB-4361-9218-852464506782}.Debug|x86.ActiveCfg = Debug|Any CPU
		{0452ECD8-A8AB-4361-9218-852464506782}.Debug|x86.Build.0 = Debug|Any CPU
		{0452ECD8-A8AB-4361-9218-852464506782}.Release|Any CPU.ActiveCfg = Release|Any CPU
		{0452ECD8-A8AB-4361-9218-852464506782}.Release|Any CPU.Build.0 = Release|Any CPU
		{0452ECD8-A8AB-4361-9218-852464506782}.Release|x64.ActiveCfg = Release|Any CPU
		{0452ECD8-A8AB-4361-9218-852464506782}.Release|x64.Build.0 = Release|Any CPU
		{0452ECD8-A8AB-4361-9218-852464506782}.Release|x86.ActiveCfg = Release|Any CPU
		{0452ECD8-A8AB-4361-9218-852464506782}.Release|x86.Build.0 = Release|Any CPU
		{7AEA6C52-B595-48EF-A475-0765F7A1A901}.Debug|Any CPU.ActiveCfg = Debug|Any CPU
		{7AEA6C52-B595-48EF-A475-0765F7A1A901}.Debug|Any CPU.Build.0 = Debug|Any CPU
		{7AEA6C52-B595-48EF-A475-0765F7A1A901}.Debug|x64.ActiveCfg = Debug|Any CPU
		{7AEA6C52-B595-48EF-A475-0765F7A1A901}.Debug|x64.Build.0 = Debug|Any CPU
		{7AEA6C52-B595-48EF-A475-0765F7A1A901}.Debug|x86.ActiveCfg = Debug|Any CPU
		{7AEA6C52-B595-48EF-A475-0765F7A1A901}.Debug|x86.Build.0 = Debug|Any CPU
		{7AEA6C52-B595-48EF-A475-0765F7A1A901}.Release|Any CPU.ActiveCfg = Release|Any CPU
		{7AEA6C52-B595-48EF-A475-0765F7A1A901}.Release|Any CPU.Build.0 = Release|Any CPU
		{7AEA6C52-B595-48EF-A475-0765F7A1A901}.Release|x64.ActiveCfg = Release|Any CPU
		{7AEA6C52-B595-48EF-A475-0765F7A1A901}.Release|x64.Build.0 = Release|Any CPU
		{7AEA6C52-B595-48EF-A475-0765F7A1A901}.Release|x86.ActiveCfg = Release|Any CPU
		{7AEA6C52-B595-48EF-A475-0765F7A1A901}.Release|x86.Build.0 = Release|Any CPU
		{92827266-CE36-4781-A690-D590AC5A8C7F}.Debug|Any CPU.ActiveCfg = Debug|Any CPU
		{92827266-CE36-4781-A690-D590AC5A8C7F}.Debug|Any CPU.Build.0 = Debug|Any CPU
		{92827266-CE36-4781-A690-D590AC5A8C7F}.Debug|x64.ActiveCfg = Debug|Any CPU
		{92827266-CE36-4781-A690-D590AC5A8C7F}.Debug|x64.Build.0 = Debug|Any CPU
		{92827266-CE36-4781-A690-D590AC5A8C7F}.Debug|x86.ActiveCfg = Debug|Any CPU
		{92827266-CE36-4781-A690-D590AC5A8C7F}.Debug|x86.Build.0 = Debug|Any CPU
		{92827266-CE36-4781-A690-D590AC5A8C7F}.Release|Any CPU.ActiveCfg = Release|Any CPU
		{92827266-CE36-4781-A690-D590AC5A8C7F}.Release|Any CPU.Build.0 = Release|Any CPU
		{92827266-CE36-4781-A690-D590AC5A8C7F}.Release|x64.ActiveCfg = Release|Any CPU
		{92827266-CE36-4781-A690-D590AC5A8C7F}.Release|x64.Build.0 = Release|Any CPU
		{92827266-CE36-4781-A690-D590AC5A8C7F}.Release|x86.ActiveCfg = Release|Any CPU
		{92827266-CE36-4781-A690-D590AC5A8C7F}.Release|x86.Build.0 = Release|Any CPU
		{DFDA77CD-9D5D-4A45-8989-21F08E050DFE}.Debug|Any CPU.ActiveCfg = Debug|Any CPU
		{DFDA77CD-9D5D-4A45-8989-21F08E050DFE}.Debug|Any CPU.Build.0 = Debug|Any CPU
		{DFDA77CD-9D5D-4A45-8989-21F08E050DFE}.Debug|x64.ActiveCfg = Debug|Any CPU
		{DFDA77CD-9D5D-4A45-8989-21F08E050DFE}.Debug|x64.Build.0 = Debug|Any CPU
		{DFDA77CD-9D5D-4A45-8989-21F08E050DFE}.Debug|x86.ActiveCfg = Debug|Any CPU
		{DFDA77CD-9D5D-4A45-8989-21F08E050DFE}.Debug|x86.Build.0 = Debug|Any CPU
		{DFDA77CD-9D5D-4A45-8989-21F08E050DFE}.Release|Any CPU.ActiveCfg = Release|Any CPU
		{DFDA77CD-9D5D-4A45-8989-21F08E050DFE}.Release|Any CPU.Build.0 = Release|Any CPU
		{DFDA77CD-9D5D-4A45-8989-21F08E050DFE}.Release|x64.ActiveCfg = Release|Any CPU
		{DFDA77CD-9D5D-4A45-8989-21F08E050DFE}.Release|x64.Build.0 = Release|Any CPU
		{DFDA77CD-9D5D-4A45-8989-21F08E050DFE}.Release|x86.ActiveCfg = Release|Any CPU
		{DFDA77CD-9D5D-4A45-8989-21F08E050DFE}.Release|x86.Build.0 = Release|Any CPU
		{B12C55A2-3E32-4CBE-9D95-561F2B1CB3C1}.Debug|Any CPU.ActiveCfg = Debug|Any CPU
		{B12C55A2-3E32-4CBE-9D95-561F2B1CB3C1}.Debug|Any CPU.Build.0 = Debug|Any CPU
		{B12C55A2-3E32-4CBE-9D95-561F2B1CB3C1}.Debug|x64.ActiveCfg = Debug|Any CPU
		{B12C55A2-3E32-4CBE-9D95-561F2B1CB3C1}.Debug|x64.Build.0 = Debug|Any CPU
		{B12C55A2-3E32-4CBE-9D95-561F2B1CB3C1}.Debug|x86.ActiveCfg = Debug|Any CPU
		{B12C55A2-3E32-4CBE-9D95-561F2B1CB3C1}.Debug|x86.Build.0 = Debug|Any CPU
		{B12C55A2-3E32-4CBE-9D95-561F2B1CB3C1}.Release|Any CPU.ActiveCfg = Release|Any CPU
		{B12C55A2-3E32-4CBE-9D95-561F2B1CB3C1}.Release|Any CPU.Build.0 = Release|Any CPU
		{B12C55A2-3E32-4CBE-9D95-561F2B1CB3C1}.Release|x64.ActiveCfg = Release|Any CPU
		{B12C55A2-3E32-4CBE-9D95-561F2B1CB3C1}.Release|x64.Build.0 = Release|Any CPU
		{B12C55A2-3E32-4CBE-9D95-561F2B1CB3C1}.Release|x86.ActiveCfg = Release|Any CPU
		{B12C55A2-3E32-4CBE-9D95-561F2B1CB3C1}.Release|x86.Build.0 = Release|Any CPU
	EndGlobalSection
	GlobalSection(SolutionProperties) = preSolution
		HideSolutionNode = FALSE
	EndGlobalSection
	GlobalSection(ExtensibilityGlobals) = postSolution
		SolutionGuid = {F3F74A72-D530-4AEE-9D36-3C4213C296E1}
	EndGlobalSection
EndGlobal
